<?xml version="1.0" encoding="UTF-8" standalone="yes" ?>
<CodeBlocks_project_file>
	<FileVersion major="1" minor="6" />
	<Project>
		<Option title="Electron2" />
		<Option pch_mode="2" />
		<Option compiler="gcc" />
		<Build>
			<Target title="Debug">
				<Option output="bin/Debug/Electron2" prefix_auto="1" extension_auto="1" />
				<Option object_output="obj/Debug/" />
				<Option type="1" />
				<Option compiler="gcc" />
				<Compiler>
					<Add option="-g" />
					<Add directory="include" />
					<Add directory="include/Electronic Components" />
					<Add directory="include/Electronic Components/Transistors" />
					<Add directory="include/Electronic Components/Sources" />
					<Add directory="include/Electronic Components/Diodes" />
					<Add directory="include/Electronic Components/Capacitors" />
					<Add directory="include/Electronic Components/Resistors" />
				</Compiler>
			</Target>
			<Target title="Release">
				<Option output="bin/Release/Electron2" prefix_auto="1" extension_auto="1" />
				<Option object_output="obj/Release/" />
				<Option type="1" />
				<Option compiler="gcc" />
				<Compiler>
					<Add option="-O2" />
					<Add directory="include" />
					<Add directory="include/Electronic Components" />
					<Add directory="include/Electronic Components/Transistors" />
					<Add directory="include/Electronic Components/Sources" />
					<Add directory="include/Electronic Components/Diodes" />
					<Add directory="include/Electronic Components/Capacitors" />
					<Add directory="include/Electronic Components/Resistors" />
				</Compiler>
				<Linker>
					<Add option="-s" />
				</Linker>
			</Target>
		</Build>
		<Compiler>
			<Add option="-Wall" />
			<Add option="-fexceptions" />
		</Compiler>
		<Unit filename="include/Electronic Components/Ampermeter.h" />
		<Unit filename="include/Electronic Components/Buzzer.h" />
		<Unit filename="include/Electronic Components/Capacitors/Capacitor_Ceramic.h" />
		<Unit filename="include/Electronic Components/Capacitors/Capacitor_Electrolytic.h" />
		<Unit filename="include/Electronic Components/Capacitors/Capacitor_Trimmer.h" />
		<Unit filename="include/Electronic Components/Capacitors/Capacitor_Variable.h" />
		<Unit filename="include/Electronic Components/Diodes/Diode_Avalance.h" />
		<Unit filename="include/Electronic Components/Diodes/Diode_Constant_Current.h" />
		<Unit filename="include/Electronic Components/Diodes/Diode_Gunn.h" />
		<Unit filename="include/Electronic Components/Diodes/Diode_Junction_PN.h" />
		<Unit filename="include/Electronic Components/Diodes/Diode_Laser.h" />
		<Unit filename="include/Electronic Components/Diodes/Diode_Light_Emitting.h" />
		<Unit filename="include/Electronic Components/Diodes/Diode_PIN.h" />
		<Unit filename="include/Electronic Components/Diodes/Diode_Photo.h" />
		<Unit filename="include/Electronic Components/Diodes/Diode_Schottky.h" />
		<Unit filename="include/Electronic Components/Diodes/Diode_Shockley.h" />
		<Unit filename="include/Electronic Components/Diodes/Diode_Transient_Voltage_Suppression.h" />
		<Unit filename="include/Electronic Components/Diodes/Diode_Tunnel.h" />
		<Unit filename="include/Electronic Components/Diodes/Diode_Varactor.h" />
		<Unit filename="include/Electronic Components/Diodes/Diode_Zener.h" />
		<Unit filename="include/Electronic Components/ElectronicComponent.h" />
		<Unit filename="include/Electronic Components/Electronics.h" />
		<Unit filename="include/Electronic Components/Ground.h" />
		<Unit filename="include/Electronic Components/Inductor.h" />
		<Unit filename="include/Electronic Components/Lamp.h" />
		<Unit filename="include/Electronic Components/Logic Gates/AndGate.h" />
		<Unit filename="include/Electronic Components/Logic Gates/NandGate.h" />
		<Unit filename="include/Electronic Components/Logic Gates/NorGate.h" />
		<Unit filename="include/Electronic Components/Logic Gates/NotGate.h" />
		<Unit filename="include/Electronic Components/Logic Gates/OrGate.h" />
		<Unit filename="include/Electronic Components/Logic Gates/XorGate.h" />
		<Unit filename="include/Electronic Components/Microphone.h" />
		<Unit filename="include/Electronic Components/Motor.h" />
		<Unit filename="include/Electronic Components/Resistors/Resistor.h" />
		<Unit filename="include/Electronic Components/Resistors/Resistor_Variable_Resistance.h" />
		<Unit filename="include/Electronic Components/Sources/Battery.h" />
		<Unit filename="include/Electronic Components/Sources/Source_Voltage_AC.h" />
		<Unit filename="include/Electronic Components/Sources/Source_Voltage_DC.h" />
		<Unit filename="include/Electronic Components/Speaker.h" />
		<Unit filename="include/Electronic Components/Switch.h" />
		<Unit filename="include/Electronic Components/Transistors/Transistor_Bipolar_NPN.h" />
		<Unit filename="include/Electronic Components/Transistors/Transistor_Bipolar_PNP.h" />
		<Unit filename="include/Electronic Components/Transistors/Transistor_Dual_Gate_MOSFET_Nchannel.h" />
		<Unit filename="include/Electronic Components/Transistors/Transistor_Dual_Gate_MOSFET_Pchannel.h" />
		<Unit filename="include/Electronic Components/Transistors/Transistor_FET_Nchannel.h" />
		<Unit filename="include/Electronic Components/Transistors/Transistor_FET_Pchannel.h" />
		<Unit filename="include/Electronic Components/Transistors/Transistor_Inductive_Channel_MOSFET_Nchannel.h" />
		<Unit filename="include/Electronic Components/Transistors/Transistor_Inductive_Channel_MOSFET_Pchannel.h" />
		<Unit filename="include/Electronic Components/Transistors/Transistor_MOSFET_Nchannel.h" />
		<Unit filename="include/Electronic Components/Transistors/Transistor_MOSFET_Pchannel.h" />
		<Unit filename="include/Electronic Components/Transistors/Transistor_Single_Connection_Nchannel.h" />
		<Unit filename="include/Electronic Components/Transistors/Transistor_Single_Connection_Pchannel.h" />
		<Unit filename="include/Electronic Components/Voltmeter.h" />
		<Unit filename="include/Helper.h" />
		<Unit filename="include/UI/Button.h" />
		<Unit filename="include/UI/UI.h" />
		<Unit filename="main.cpp" />
		<Unit filename="src/Electronic Components/Ampermeter.cpp" />
		<Unit filename="src/Electronic Components/Buzzer.cpp" />
		<Unit filename="src/Electronic Components/Capacitors/Capacitor_Ceramic.cpp" />
		<Unit filename="src/Electronic Components/Capacitors/Capacitor_Electrolytic.cpp" />
		<Unit filename="src/Electronic Components/Capacitors/Capacitor_Trimmer.cpp" />
		<Unit filename="src/Electronic Components/Capacitors/Capacitor_Variable.cpp" />
		<Unit filename="src/Electronic Components/Diodes/Diode_Avalance.cpp" />
		<Unit filename="src/Electronic Components/Diodes/Diode_Constant_Current.cpp" />
		<Unit filename="src/Electronic Components/Diodes/Diode_Gunn.cpp" />
		<Unit filename="src/Electronic Components/Diodes/Diode_Junction_PN.cpp" />
		<Unit filename="src/Electronic Components/Diodes/Diode_Laser.cpp" />
		<Unit filename="src/Electronic Components/Diodes/Diode_Light_Emitting.cpp" />
		<Unit filename="src/Electronic Components/Diodes/Diode_PIN.cpp" />
		<Unit filename="src/Electronic Components/Diodes/Diode_Photo.cpp" />
		<Unit filename="src/Electronic Components/Diodes/Diode_Schottky.cpp" />
		<Unit filename="src/Electronic Components/Diodes/Diode_Shockley.cpp" />
		<Unit filename="src/Electronic Components/Diodes/Diode_Transient_Voltage_Suppression.cpp" />
		<Unit filename="src/Electronic Components/Diodes/Diode_Tunnel.cpp" />
		<Unit filename="src/Electronic Components/Diodes/Diode_Varactor.cpp" />
		<Unit filename="src/Electronic Components/Diodes/Diode_Zener.cpp" />
		<Unit filename="src/Electronic Components/ElectronicComponent.cpp" />
		<Unit filename="src/Electronic Components/Ground.cpp" />
		<Unit filename="src/Electronic Components/Inductor.cpp" />
		<Unit filename="src/Electronic Components/Lamp.cpp" />
		<Unit filename="src/Electronic Components/Logic Gates/AndGate.cpp" />
		<Unit filename="src/Electronic Components/Logic Gates/NandGate.cpp" />
		<Unit filename="src/Electronic Components/Logic Gates/NorGate.cpp" />
		<Unit filename="src/Electronic Components/Logic Gates/NotGate.cpp" />
		<Unit filename="src/Electronic Components/Logic Gates/OrGate.cpp" />
		<Unit filename="src/Electronic Components/Logic Gates/XorGate.cpp" />
		<Unit filename="src/Electronic Components/Microphone.cpp" />
		<Unit filename="src/Electronic Components/Motor.cpp" />
		<Unit filename="src/Electronic Components/Resistors/Resistor.cpp" />
		<Unit filename="src/Electronic Components/Resistors/Resistor_Variable_Resistance.cpp" />
		<Unit filename="src/Electronic Components/Sources/Battery.cpp" />
		<Unit filename="src/Electronic Components/Sources/Source_Voltage_AC.cpp" />
		<Unit filename="src/Electronic Components/Sources/Source_Voltage_DC.cpp" />
		<Unit filename="src/Electronic Components/Speaker.cpp" />
		<Unit filename="src/Electronic Components/Switch.cpp" />
		<Unit filename="src/Electronic Components/Transistors/Transistor_Bipolar_NPN.cpp" />
		<Unit filename="src/Electronic Components/Transistors/Transistor_Bipolar_PNP.cpp" />
		<Unit filename="src/Electronic Components/Transistors/Transistor_Dual_Gate_MOSFET_Nchannel.cpp" />
		<Unit filename="src/Electronic Components/Transistors/Transistor_Dual_Gate_MOSFET_Pchannel.cpp" />
		<Unit filename="src/Electronic Components/Transistors/Transistor_FET_Nchannel.cpp" />
		<Unit filename="src/Electronic Components/Transistors/Transistor_FET_Pchannel.cpp" />
		<Unit filename="src/Electronic Components/Transistors/Transistor_Inductive_Channel_MOSFET_Nchannel.cpp" />
		<Unit filename="src/Electronic Components/Transistors/Transistor_Inductive_Channel_MOSFET_Pchannel.cpp" />
		<Unit filename="src/Electronic Components/Transistors/Transistor_MOSFET_Nchannel.cpp" />
		<Unit filename="src/Electronic Components/Transistors/Transistor_MOSFET_Pchannel.cpp" />
		<Unit filename="src/Electronic Components/Transistors/Transistor_Single_Connection_Nchannel.cpp" />
		<Unit filename="src/Electronic Components/Transistors/Transistor_Single_Connection_Pchannel.cpp" />
		<Unit filename="src/Electronic Components/Voltmeter.cpp" />
		<Unit filename="src/Helper.cpp" />
		<Unit filename="src/UI/Button.cpp" />
		<Extensions>
			<lib_finder disable_auto="1" />
		</Extensions>
	</Project>
</CodeBlocks_project_file>
